
Microsoft Visual Studio Solution File, Format Version 12.00
# Visual Studio Version 16
VisualStudioVersion = 16.0.30709.132
MinimumVisualStudioVersion = 10.0.40219.1
Project("{9A19103F-16F7-4668-BE54-9A1E7A4F7556}") = "CircularQueue", "CircularQueue.csproj", "{54164BEE-E60E-4813-93A0-849DC9E0C1E4}"
EndProject
Project("{9A19103F-16F7-4668-BE54-9A1E7A4F7556}") = "AddTwoNumbers", "..\AddTwoNumbers\AddTwoNumbers.csproj", "{BC5BA313-7F75-4CD2-84FF-271026F4E5A5}"
EndProject
Project("{9A19103F-16F7-4668-BE54-9A1E7A4F7556}") = "DuplicateZeros", "..\DuplicateZeros\DuplicateZeros.csproj", "{875E28D5-33A1-46F1-9A87-94E71E684C82}"
EndProject
Project("{9A19103F-16F7-4668-BE54-9A1E7A4F7556}") = "HeightChecker", "..\HeightChecker\HeightChecker.csproj", "{0ECFAFBF-A027-4C2B-934E-0C36C001FE42}"
EndProject
Project("{9A19103F-16F7-4668-BE54-9A1E7A4F7556}") = "RemoveDuplicates", "..\RemoveDuplicates\RemoveDuplicates.csproj", "{977938DF-F21D-4B29-9233-9A6C2E278B54}"
EndProject
Project("{9A19103F-16F7-4668-BE54-9A1E7A4F7556}") = "RemoveDuplicates_TwoPointers", "..\RemoveDuplicates_TwoPointers\RemoveDuplicates_TwoPointers.csproj", "{3B890507-3BD7-4C44-AA52-F4D836EFDFE4}"
EndProject
Project("{9A19103F-16F7-4668-BE54-9A1E7A4F7556}") = "RemoveElement", "..\RemoveElement\RemoveElement.csproj", "{5CBC6493-37E9-4A55-8EBC-30BA5C8A1CE8}"
EndProject
Project("{9A19103F-16F7-4668-BE54-9A1E7A4F7556}") = "validParentheses", "..\validParentheses\validParentheses.csproj", "{AD116F77-D5E8-4BCE-A9F4-048CD89F2F01}"
EndProject
Project("{9A19103F-16F7-4668-BE54-9A1E7A4F7556}") = "LongestCommonPrefix", "..\LongestCommonPrefix\LongestCommonPrefix.csproj", "{E02CAFC2-5DFC-4453-BB69-1F852375033E}"
EndProject
Project("{FAE04EC0-301F-11D3-BF4B-00C04F79EFBC}") = "LongestSubstringNoRepeats", "..\LongestSubstringNoRepeats\LongestSubstringNoRepeats.csproj", "{7200EC39-6357-4EEB-AA0B-5D71D6B86A2F}"
EndProject
Global
	GlobalSection(SolutionConfigurationPlatforms) = preSolution
		Debug|Any CPU = Debug|Any CPU
		Release|Any CPU = Release|Any CPU
	EndGlobalSection
	GlobalSection(ProjectConfigurationPlatforms) = postSolution
		{54164BEE-E60E-4813-93A0-849DC9E0C1E4}.Debug|Any CPU.ActiveCfg = Debug|Any CPU
		{54164BEE-E60E-4813-93A0-849DC9E0C1E4}.Debug|Any CPU.Build.0 = Debug|Any CPU
		{54164BEE-E60E-4813-93A0-849DC9E0C1E4}.Release|Any CPU.ActiveCfg = Release|Any CPU
		{54164BEE-E60E-4813-93A0-849DC9E0C1E4}.Release|Any CPU.Build.0 = Release|Any CPU
		{BC5BA313-7F75-4CD2-84FF-271026F4E5A5}.Debug|Any CPU.ActiveCfg = Debug|Any CPU
		{BC5BA313-7F75-4CD2-84FF-271026F4E5A5}.Debug|Any CPU.Build.0 = Debug|Any CPU
		{BC5BA313-7F75-4CD2-84FF-271026F4E5A5}.Release|Any CPU.ActiveCfg = Release|Any CPU
		{BC5BA313-7F75-4CD2-84FF-271026F4E5A5}.Release|Any CPU.Build.0 = Release|Any CPU
		{875E28D5-33A1-46F1-9A87-94E71E684C82}.Debug|Any CPU.ActiveCfg = Debug|Any CPU
		{875E28D5-33A1-46F1-9A87-94E71E684C82}.Debug|Any CPU.Build.0 = Debug|Any CPU
		{875E28D5-33A1-46F1-9A87-94E71E684C82}.Release|Any CPU.ActiveCfg = Release|Any CPU
		{875E28D5-33A1-46F1-9A87-94E71E684C82}.Release|Any CPU.Build.0 = Release|Any CPU
		{0ECFAFBF-A027-4C2B-934E-0C36C001FE42}.Debug|Any CPU.ActiveCfg = Debug|Any CPU
		{0ECFAFBF-A027-4C2B-934E-0C36C001FE42}.Debug|Any CPU.Build.0 = Debug|Any CPU
		{0ECFAFBF-A027-4C2B-934E-0C36C001FE42}.Release|Any CPU.ActiveCfg = Release|Any CPU
		{0ECFAFBF-A027-4C2B-934E-0C36C001FE42}.Release|Any CPU.Build.0 = Release|Any CPU
		{977938DF-F21D-4B29-9233-9A6C2E278B54}.Debug|Any CPU.ActiveCfg = Debug|Any CPU
		{977938DF-F21D-4B29-9233-9A6C2E278B54}.Debug|Any CPU.Build.0 = Debug|Any CPU
		{977938DF-F21D-4B29-9233-9A6C2E278B54}.Release|Any CPU.ActiveCfg = Release|Any CPU
		{977938DF-F21D-4B29-9233-9A6C2E278B54}.Release|Any CPU.Build.0 = Release|Any CPU
		{3B890507-3BD7-4C44-AA52-F4D836EFDFE4}.Debug|Any CPU.ActiveCfg = Debug|Any CPU
		{3B890507-3BD7-4C44-AA52-F4D836EFDFE4}.Debug|Any CPU.Build.0 = Debug|Any CPU
		{3B890507-3BD7-4C44-AA52-F4D836EFDFE4}.Release|Any CPU.ActiveCfg = Release|Any CPU
		{3B890507-3BD7-4C44-AA52-F4D836EFDFE4}.Release|Any CPU.Build.0 = Release|Any CPU
		{5CBC6493-37E9-4A55-8EBC-30BA5C8A1CE8}.Debug|Any CPU.ActiveCfg = Debug|Any CPU
		{5CBC6493-37E9-4A55-8EBC-30BA5C8A1CE8}.Debug|Any CPU.Build.0 = Debug|Any CPU
		{5CBC6493-37E9-4A55-8EBC-30BA5C8A1CE8}.Release|Any CPU.ActiveCfg = Release|Any CPU
		{5CBC6493-37E9-4A55-8EBC-30BA5C8A1CE8}.Release|Any CPU.Build.0 = Release|Any CPU
		{AD116F77-D5E8-4BCE-A9F4-048CD89F2F01}.Debug|Any CPU.ActiveCfg = Debug|Any CPU
		{AD116F77-D5E8-4BCE-A9F4-048CD89F2F01}.Debug|Any CPU.Build.0 = Debug|Any CPU
		{AD116F77-D5E8-4BCE-A9F4-048CD89F2F01}.Release|Any CPU.ActiveCfg = Release|Any CPU
		{AD116F77-D5E8-4BCE-A9F4-048CD89F2F01}.Release|Any CPU.Build.0 = Release|Any CPU
		{E02CAFC2-5DFC-4453-BB69-1F852375033E}.Debug|Any CPU.ActiveCfg = Debug|Any CPU
		{E02CAFC2-5DFC-4453-BB69-1F852375033E}.Debug|Any CPU.Build.0 = Debug|Any CPU
		{E02CAFC2-5DFC-4453-BB69-1F852375033E}.Release|Any CPU.ActiveCfg = Release|Any CPU
		{E02CAFC2-5DFC-4453-BB69-1F852375033E}.Release|Any CPU.Build.0 = Release|Any CPU
		{7200EC39-6357-4EEB-AA0B-5D71D6B86A2F}.Debug|Any CPU.ActiveCfg = Debug|Any CPU
		{7200EC39-6357-4EEB-AA0B-5D71D6B86A2F}.Debug|Any CPU.Build.0 = Debug|Any CPU
		{7200EC39-6357-4EEB-AA0B-5D71D6B86A2F}.Release|Any CPU.ActiveCfg = Release|Any CPU
		{7200EC39-6357-4EEB-AA0B-5D71D6B86A2F}.Release|Any CPU.Build.0 = Release|Any CPU
	EndGlobalSection
	GlobalSection(SolutionProperties) = preSolution
		HideSolutionNode = FALSE
	EndGlobalSection
	GlobalSection(ExtensibilityGlobals) = postSolution
		SolutionGuid = {FE9B914B-BFF2-45F0-96FB-9C9FCB6DD627}
	EndGlobalSection
EndGlobal
